Microsoft Visual Studio Solution File, Format Version 12.00
# Visual Studio Version 17
VisualStudioVersion = 17.5.2.0
MinimumVisualStudioVersion = 10.0.40219.1
Project("{FAE04EC0-301F-11D3-BF4B-00C04F79EFBC}") = "Sensor", "Sensor.csproj", "{19E4D3DD-1E0D-8EC5-900D-1573E53C7ECC}"
EndProject
Global
	GlobalSection(SolutionConfigurationPlatforms) = preSolution
		Debug|Any CPU = Debug|Any CPU
		Release|Any CPU = Release|Any CPU
	EndGlobalSection
	GlobalSection(ProjectConfigurationPlatforms) = postSolution
		{19E4D3DD-1E0D-8EC5-900D-1573E53C7ECC}.Debug|Any CPU.ActiveCfg = Debug|Any CPU
		{19E4D3DD-1E0D-8EC5-900D-1573E53C7ECC}.Debug|Any CPU.Build.0 = Debug|Any CPU
		{19E4D3DD-1E0D-8EC5-900D-1573E53C7ECC}.Release|Any CPU.ActiveCfg = Release|Any CPU
		{19E4D3DD-1E0D-8EC5-900D-1573E53C7ECC}.Release|Any CPU.Build.0 = Release|Any CPU
	EndGlobalSection
	GlobalSection(SolutionProperties) = preSolution
		HideSolutionNode = FALSE
	EndGlobalSection
	GlobalSection(ExtensibilityGlobals) = postSolution
		SolutionGuid = {2FA1454B-E9DF-4E56-B780-5FDA76C12265}
	EndGlobalSection
EndGlobal
